
Microsoft Visual Studio Solution File, Format Version 12.00
# Visual Studio Version 17
VisualStudioVersion = 17.0.31903.59
MinimumVisualStudioVersion = 10.0.40219.1
Project("{2150E333-8FDC-42A3-9474-1A3956D46DE8}") = "src", "src", "{19F36D14-B0CF-4C86-96F3-DFFE1FAA6C41}"
EndProject
Project("{FAE04EC0-301F-11D3-BF4B-00C04F79EFBC}") = "Nxs.Core", "src\Nxs.Core\Nxs.Core.csproj", "{74B46A71-4620-4F94-BA78-1AFAF4AEE47A}"
EndProject
Project("{2150E333-8FDC-42A3-9474-1A3956D46DE8}") = "tests", "tests", "{B54EB03D-85B4-48C3-97D0-5F95A80BDAA6}"
EndProject
Project("{FAE04EC0-301F-11D3-BF4B-00C04F79EFBC}") = "Nxs.Core.Tests", "tests\Nxs.Core.Tests\Nxs.Core.Tests.csproj", "{56B85CA8-4D7B-4805-B728-BAAE4D82E356}"
EndProject
Project("{FAE04EC0-301F-11D3-BF4B-00C04F79EFBC}") = "Nxs.TestKit", "tests\Nxs.TestKit\Nxs.TestKit.csproj", "{0DCFE4BC-6C07-4B06-AFC6-BF49E2EF5A1E}"
EndProject
Project("{FAE04EC0-301F-11D3-BF4B-00C04F79EFBC}") = "Nxs.Integration.Tests", "tests\Nxs.Integration.Tests\Nxs.Integration.Tests.csproj", "{25BFAAE5-5B55-4532-8EC6-F1664D8503B8}"
EndProject
Project("{FAE04EC0-301F-11D3-BF4B-00C04F79EFBC}") = "Nxs.App", "src\Nxs.App\Nxs.App.csproj", "{3C806471-5965-4C84-AC1F-55B81EE04508}"
EndProject
Project("{FAE04EC0-301F-11D3-BF4B-00C04F79EFBC}") = "Nxs.App.Tests", "tests\Nxs.App.Tests\Nxs.App.Tests.csproj", "{369293D6-9EE1-420C-8E1A-76B96976C120}"
EndProject
Project("{2150E333-8FDC-42A3-9474-1A3956D46DE8}") = "tools", "tools", "{382E2EE3-961D-4940-893E-70F10611AF2F}"
EndProject
Project("{FAE04EC0-301F-11D3-BF4B-00C04F79EFBC}") = "Nxs.DocShots", "tools\Nxs.DocShots\Nxs.DocShots.csproj", "{CC725A92-87E5-4505-8561-13B1673FDBF2}"
EndProject
Global
	GlobalSection(SolutionConfigurationPlatforms) = preSolution
		Debug|Any CPU = Debug|Any CPU
		Release|Any CPU = Release|Any CPU
	EndGlobalSection
	GlobalSection(SolutionProperties) = preSolution
		HideSolutionNode = FALSE
	EndGlobalSection
	GlobalSection(ProjectConfigurationPlatforms) = postSolution
		{74B46A71-4620-4F94-BA78-1AFAF4AEE47A}.Debug|Any CPU.ActiveCfg = Debug|Any CPU
		{74B46A71-4620-4F94-BA78-1AFAF4AEE47A}.Debug|Any CPU.Build.0 = Debug|Any CPU
		{74B46A71-4620-4F94-BA78-1AFAF4AEE47A}.Release|Any CPU.ActiveCfg = Release|Any CPU
		{74B46A71-4620-4F94-BA78-1AFAF4AEE47A}.Release|Any CPU.Build.0 = Release|Any CPU
		{56B85CA8-4D7B-4805-B728-BAAE4D82E356}.Debug|Any CPU.ActiveCfg = Debug|Any CPU
		{56B85CA8-4D7B-4805-B728-BAAE4D82E356}.Debug|Any CPU.Build.0 = Debug|Any CPU
		{56B85CA8-4D7B-4805-B728-BAAE4D82E356}.Release|Any CPU.ActiveCfg = Release|Any CPU
		{56B85CA8-4D7B-4805-B728-BAAE4D82E356}.Release|Any CPU.Build.0 = Release|Any CPU
		{0DCFE4BC-6C07-4B06-AFC6-BF49E2EF5A1E}.Debug|Any CPU.ActiveCfg = Debug|Any CPU
		{0DCFE4BC-6C07-4B06-AFC6-BF49E2EF5A1E}.Debug|Any CPU.Build.0 = Debug|Any CPU
		{0DCFE4BC-6C07-4B06-AFC6-BF49E2EF5A1E}.Release|Any CPU.ActiveCfg = Release|Any CPU
		{0DCFE4BC-6C07-4B06-AFC6-BF49E2EF5A1E}.Release|Any CPU.Build.0 = Release|Any CPU
		{25BFAAE5-5B55-4532-8EC6-F1664D8503B8}.Debug|Any CPU.ActiveCfg = Debug|Any CPU
		{25BFAAE5-5B55-4532-8EC6-F1664D8503B8}.Debug|Any CPU.Build.0 = Debug|Any CPU
		{25BFAAE5-5B55-4532-8EC6-F1664D8503B8}.Release|Any CPU.ActiveCfg = Release|Any CPU
		{25BFAAE5-5B55-4532-8EC6-F1664D8503B8}.Release|Any CPU.Build.0 = Release|Any CPU
		{3C806471-5965-4C84-AC1F-55B81EE04508}.Debug|Any CPU.ActiveCfg = Debug|Any CPU
		{3C806471-5965-4C84-AC1F-55B81EE04508}.Debug|Any CPU.Build.0 = Debug|Any CPU
		{3C806471-5965-4C84-AC1F-55B81EE04508}.Release|Any CPU.ActiveCfg = Release|Any CPU
		{3C806471-5965-4C84-AC1F-55B81EE04508}.Release|Any CPU.Build.0 = Release|Any CPU
		{369293D6-9EE1-420C-8E1A-76B96976C120}.Debug|Any CPU.ActiveCfg = Debug|Any CPU
		{369293D6-9EE1-420C-8E1A-76B96976C120}.Debug|Any CPU.Build.0 = Debug|Any CPU
		{369293D6-9EE1-420C-8E1A-76B96976C120}.Release|Any CPU.ActiveCfg = Release|Any CPU
		{369293D6-9EE1-420C-8E1A-76B96976C120}.Release|Any CPU.Build.0 = Release|Any CPU
		{CC725A92-87E5-4505-8561-13B1673FDBF2}.Debug|Any CPU.ActiveCfg = Debug|Any CPU
		{CC725A92-87E5-4505-8561-13B1673FDBF2}.Debug|Any CPU.Build.0 = Debug|Any CPU
		{CC725A92-87E5-4505-8561-13B1673FDBF2}.Release|Any CPU.ActiveCfg = Release|Any CPU
		{CC725A92-87E5-4505-8561-13B1673FDBF2}.Release|Any CPU.Build.0 = Release|Any CPU
	EndGlobalSection
	GlobalSection(NestedProjects) = preSolution
		{74B46A71-4620-4F94-BA78-1AFAF4AEE47A} = {19F36D14-B0CF-4C86-96F3-DFFE1FAA6C41}
		{56B85CA8-4D7B-4805-B728-BAAE4D82E356} = {B54EB03D-85B4-48C3-97D0-5F95A80BDAA6}
		{0DCFE4BC-6C07-4B06-AFC6-BF49E2EF5A1E} = {B54EB03D-85B4-48C3-97D0-5F95A80BDAA6}
		{25BFAAE5-5B55-4532-8EC6-F1664D8503B8} = {B54EB03D-85B4-48C3-97D0-5F95A80BDAA6}
		{3C806471-5965-4C84-AC1F-55B81EE04508} = {19F36D14-B0CF-4C86-96F3-DFFE1FAA6C41}
		{369293D6-9EE1-420C-8E1A-76B96976C120} = {B54EB03D-85B4-48C3-97D0-5F95A80BDAA6}
		{CC725A92-87E5-4505-8561-13B1673FDBF2} = {382E2EE3-961D-4940-893E-70F10611AF2F}
	EndGlobalSection
EndGlobal
